
Microsoft Visual Studio Solution File, Format Version 12.00
# Visual Studio Version 16
VisualStudioVersion = 16.0.31410.357
MinimumVisualStudioVersion = 10.0.40219.1
Project("{FAE04EC0-301F-11D3-BF4B-00C04F79EFBC}") = "PasswordCheckerClient", "PasswordCheckerClient\PasswordCheckerClient.csproj", "{251AA06C-B959-407B-97EA-FBCAD9B716C1}"
EndProject
Project("{9A19103F-16F7-4668-BE54-9A1E7A4F7556}") = "IO.Swagger", "..\IO.Swagger\IO.Swagger\IO.Swagger.csproj", "{EEE67393-B78F-4BB5-8171-E0A293232D15}"
EndProject
Global
	GlobalSection(SolutionConfigurationPlatforms) = preSolution
		Debug|Any CPU = Debug|Any CPU
		Release|Any CPU = Release|Any CPU
	EndGlobalSection
	GlobalSection(ProjectConfigurationPlatforms) = postSolution
		{251AA06C-B959-407B-97EA-FBCAD9B716C1}.Debug|Any CPU.ActiveCfg = Debug|Any CPU
		{251AA06C-B959-407B-97EA-FBCAD9B716C1}.Debug|Any CPU.Build.0 = Debug|Any CPU
		{251AA06C-B959-407B-97EA-FBCAD9B716C1}.Release|Any CPU.ActiveCfg = Release|Any CPU
		{251AA06C-B959-407B-97EA-FBCAD9B716C1}.Release|Any CPU.Build.0 = Release|Any CPU
		{EEE67393-B78F-4BB5-8171-E0A293232D15}.Debug|Any CPU.ActiveCfg = Debug|Any CPU
		{EEE67393-B78F-4BB5-8171-E0A293232D15}.Debug|Any CPU.Build.0 = Debug|Any CPU
		{EEE67393-B78F-4BB5-8171-E0A293232D15}.Release|Any CPU.ActiveCfg = Release|Any CPU
		{EEE67393-B78F-4BB5-8171-E0A293232D15}.Release|Any CPU.Build.0 = Release|Any CPU
	EndGlobalSection
	GlobalSection(SolutionProperties) = preSolution
		HideSolutionNode = FALSE
	EndGlobalSection
	GlobalSection(ExtensibilityGlobals) = postSolution
		SolutionGuid = {4D71C32D-CEFC-43CF-A7B8-DE045F0C5A31}
	EndGlobalSection
EndGlobal
